{
  "name": "miniprogram-6",
  "version": "1.0.0",
  "lockfileVersion": 3,
  "requires": true,
  "packages": {
    "": {
      "name": "miniprogram-6",
      "version": "1.0.0",
      "license": "ISC",
      "dependencies": {
        "@vant/weapp": "^1.11.7",
        "echarts": "^5.6.0",
        "echarts-for-weixin": "^1.0.2",
        "tdesign-miniprogram": "^1.9.2",
        "weui-miniprogram": "^1.5.6"
      }
    },
    "node_modules/@vant/weapp": {
      "version": "1.11.7",
      "resolved": "https://registry.npmjs.org/@vant/weapp/-/weapp-1.11.7.tgz",
      "integrity": "sha512-Rwn9BBnb4kHSV4XmvBicwtd42J+amEUfnFDcXJsGNPNX4a9c/DoT6YLsm4X1wB2+sQbdiQsbFBLAvGRBxCkD8g==",
      "license": "MIT"
    },
    "node_modules/echarts": {
      "version": "5.6.0",
      "resolved": "https://registry.npmjs.org/echarts/-/echarts-5.6.0.tgz",
      "integrity": "sha512-oTbVTsXfKuEhxftHqL5xprgLoc0k7uScAwtryCgWF6hPYFLRwOUHiFmHGCBKP5NPFNkDVopOieyUqYGH8Fa3kA==",
      "license": "Apache-2.0",
      "dependencies": {
        "tslib": "2.3.0",
        "zrender": "5.6.1"
      }
    },
    "node_modules/echarts-for-weixin": {
      "version": "1.0.2",
      "resolved": "https://registry.npmjs.org/echarts-for-weixin/-/echarts-for-weixin-1.0.2.tgz",
      "integrity": "sha512-cEk4yFMCJDQpvAgVRKbGvMjXvuW965iEUootJffRFHwJwCq0/GIeoRTTAEuj50PKMMtLTW4DmBPmvPja3sH2jQ==",
      "license": "MIT",
      "peerDependencies": {
        "echarts": "^5.1.2"
      }
    },
    "node_modules/tdesign-miniprogram": {
      "version": "1.9.2",
      "resolved": "https://registry.npmjs.org/tdesign-miniprogram/-/tdesign-miniprogram-1.9.2.tgz",
      "integrity": "sha512-vkVDmK5F7oEuLg3bFO2oTXpF3qWt2LQim9wxxx+XpwPwkSOtnLt1cq8f7rS3M/7EOmvy4d+oNOPWdz/3lbERGg==",
      "license": "MIT"
    },
    "node_modules/tslib": {
      "version": "2.3.0",
      "resolved": "https://registry.npmjs.org/tslib/-/tslib-2.3.0.tgz",
      "integrity": "sha512-N82ooyxVNm6h1riLCoyS9e3fuJ3AMG2zIZs2Gd1ATcSFjSA23Q0fzjjZeh0jbJvWVDZ0cJT8yaNNaaXHzueNjg==",
      "license": "0BSD"
    },
    "node_modules/weui-miniprogram": {
      "version": "1.5.6",
      "resolved": "https://registry.npmjs.org/weui-miniprogram/-/weui-miniprogram-1.5.6.tgz",
      "integrity": "sha512-bGRHUdrQkFf6FzNT5UTapAMRdZQF0UP2uKu9ZR4MkPNwO3cWzlrkW8vBLxdS6k02O3VeNFATj/AsBCjHAsMBzA==",
      "license": "MIT"
    },
    "node_modules/zrender": {
      "version": "5.6.1",
      "resolved": "https://registry.npmjs.org/zrender/-/zrender-5.6.1.tgz",
      "integrity": "sha512-OFXkDJKcrlx5su2XbzJvj/34Q3m6PvyCZkVPHGYpcCJ52ek4U/ymZyfuV1nKE23AyBJ51E/6Yr0mhZ7xGTO4ag==",
      "license": "BSD-3-Clause",
      "dependencies": {
        "tslib": "2.3.0"
      }
    }
  }
}
