{
  "name": "miniprogram-6",
  "version": "1.0.0",
  "lockfileVersion": 3,
  "requires": true,
  "packages": {
    "": {
      "name": "miniprogram-6",
      "version": "1.0.0",
      "license": "ISC",
      "dependencies": {
        "@antv/f2": "^4.0.51",
        "@qiun/wx-ucharts": "^2.5.0-20230101",
        "@vant/weapp": "^1.11.7",
        "echarts": "^5.6.0",
        "echarts-for-weixin": "^1.0.2",
        "tdesign-miniprogram": "^1.9.2",
        "weui-miniprogram": "^1.5.6"
      }
    },
    "node_modules/@antv/adjust": {
      "version": "0.2.5",
      "resolved": "https://registry.npmjs.org/@antv/adjust/-/adjust-0.2.5.tgz",
      "integrity": "sha512-MfWZOkD9CqXRES6MBGRNe27Q577a72EIwyMnE29wIlPliFvJfWwsrONddpGU7lilMpVKecS3WAzOoip3RfPTRQ==",
      "license": "MIT",
      "dependencies": {
        "@antv/util": "~2.0.0",
        "tslib": "^1.10.0"
      }
    },
    "node_modules/@antv/adjust/node_modules/tslib": {
      "version": "1.14.1",
      "resolved": "https://registry.npmjs.org/tslib/-/tslib-1.14.1.tgz",
      "integrity": "sha512-Xni35NKzjgMrwevysHTCArtLDpPvye8zV/0E4EyYn43P7/7qvQwPh9BGkHewbMulVntbigmcT7rdX3BNo9wRJg==",
      "license": "0BSD"
    },
    "node_modules/@antv/event-emitter": {
      "version": "0.1.3",
      "resolved": "https://registry.npmjs.org/@antv/event-emitter/-/event-emitter-0.1.3.tgz",
      "integrity": "sha512-4ddpsiHN9Pd4UIlWuKVK1C4IiZIdbwQvy9i7DUSI3xNJ89FPUFt8lxDYj8GzzfdllV0NkJTRxnG+FvLk0llidg==",
      "license": "MIT"
    },
    "node_modules/@antv/f2": {
      "version": "4.0.51",
      "resolved": "https://registry.npmjs.org/@antv/f2/-/f2-4.0.51.tgz",
      "integrity": "sha512-BqrU2oMmfJE47tzRDmQRFgXj8kk0hf6IsWoa+IURZ2aPtZNO0OABpOtNndFO2uFJDgwi9Jg8D5mqpdWeMeiMQg==",
      "license": "MIT",
      "dependencies": {
        "@antv/adjust": "~0.2.5",
        "@antv/event-emitter": "^0.1.2",
        "@antv/f2-graphic": "^0.0.16",
        "@antv/scale": "~0.3.3",
        "@antv/util": "~2.0.6",
        "@babel/runtime": "^7.12.5",
        "d3-cloud": "~1.2.5"
      }
    },
    "node_modules/@antv/f2-graphic": {
      "version": "0.0.16",
      "resolved": "https://registry.npmjs.org/@antv/f2-graphic/-/f2-graphic-0.0.16.tgz",
      "integrity": "sha512-oZ+yHvkffY7w1dECcs1BEsYSRms4plFby9KnN2fGosSg/VLj1fZtHipnHT3C+Qj+Avo7VSl8GmAWBdpIGuZV8g==",
      "dependencies": {
        "@antv/util": "~2.0.6",
        "@babel/runtime": "^7.12.5"
      }
    },
    "node_modules/@antv/scale": {
      "version": "0.3.18",
      "resolved": "https://registry.npmjs.org/@antv/scale/-/scale-0.3.18.tgz",
      "integrity": "sha512-GHwE6Lo7S/Q5fgaLPaCsW+CH+3zl4aXpnN1skOiEY0Ue9/u+s2EySv6aDXYkAqs//i0uilMDD/0/4n8caX9U9w==",
      "license": "MIT",
      "dependencies": {
        "@antv/util": "~2.0.3",
        "fecha": "~4.2.0",
        "tslib": "^2.0.0"
      }
    },
    "node_modules/@antv/util": {
      "version": "2.0.17",
      "resolved": "https://registry.npmjs.org/@antv/util/-/util-2.0.17.tgz",
      "integrity": "sha512-o6I9hi5CIUvLGDhth0RxNSFDRwXeywmt6ExR4+RmVAzIi48ps6HUy+svxOCayvrPBN37uE6TAc2KDofRo0nK9Q==",
      "license": "ISC",
      "dependencies": {
        "csstype": "^3.0.8",
        "tslib": "^2.0.3"
      }
    },
    "node_modules/@babel/runtime": {
      "version": "7.27.6",
      "resolved": "https://registry.npmjs.org/@babel/runtime/-/runtime-7.27.6.tgz",
      "integrity": "sha512-vbavdySgbTTrmFE+EsiqUTzlOr5bzlnJtUv9PynGCAKvfQqjIXbvFdumPM/GxMDfyuGMJaJAU6TO4zc1Jf1i8Q==",
      "license": "MIT",
      "engines": {
        "node": ">=6.9.0"
      }
    },
    "node_modules/@qiun/wx-ucharts": {
      "version": "2.5.0-20230101",
      "resolved": "https://registry.npmjs.org/@qiun/wx-ucharts/-/wx-ucharts-2.5.0-20230101.tgz",
      "integrity": "sha512-sAaNUf4U6r4/0JZMTlfNwrtfT0v8qFO02B/wYsj4yZGTDAQ/QctGgKI7hVUDUSrqZnjH6xWqE+ql0FOIs1fTuQ==",
      "license": "Apache"
    },
    "node_modules/@vant/weapp": {
      "version": "1.11.7",
      "resolved": "https://registry.npmjs.org/@vant/weapp/-/weapp-1.11.7.tgz",
      "integrity": "sha512-Rwn9BBnb4kHSV4XmvBicwtd42J+amEUfnFDcXJsGNPNX4a9c/DoT6YLsm4X1wB2+sQbdiQsbFBLAvGRBxCkD8g==",
      "license": "MIT"
    },
    "node_modules/csstype": {
      "version": "3.1.3",
      "resolved": "https://registry.npmjs.org/csstype/-/csstype-3.1.3.tgz",
      "integrity": "sha512-M1uQkMl8rQK/szD0LNhtqxIPLpimGm8sOBwU7lLnCpSbTyY3yeU1Vc7l4KT5zT4s/yOxHH5O7tIuuLOCnLADRw==",
      "license": "MIT"
    },
    "node_modules/d3-cloud": {
      "version": "1.2.7",
      "resolved": "https://registry.npmjs.org/d3-cloud/-/d3-cloud-1.2.7.tgz",
      "integrity": "sha512-8TrgcgwRIpoZYQp7s3fGB7tATWfhckRb8KcVd1bOgqkNdkJRDGWfdSf4HkHHzZxSczwQJdSxvfPudwir5IAJ3w==",
      "license": "BSD-3-Clause",
      "dependencies": {
        "d3-dispatch": "^1.0.3"
      }
    },
    "node_modules/d3-dispatch": {
      "version": "1.0.6",
      "resolved": "https://registry.npmjs.org/d3-dispatch/-/d3-dispatch-1.0.6.tgz",
      "integrity": "sha512-fVjoElzjhCEy+Hbn8KygnmMS7Or0a9sI2UzGwoB7cCtvI1XpVN9GpoYlnb3xt2YV66oXYb1fLJ8GMvP4hdU1RA==",
      "license": "BSD-3-Clause"
    },
    "node_modules/echarts": {
      "version": "5.6.0",
      "resolved": "https://registry.npmjs.org/echarts/-/echarts-5.6.0.tgz",
      "integrity": "sha512-oTbVTsXfKuEhxftHqL5xprgLoc0k7uScAwtryCgWF6hPYFLRwOUHiFmHGCBKP5NPFNkDVopOieyUqYGH8Fa3kA==",
      "license": "Apache-2.0",
      "dependencies": {
        "tslib": "2.3.0",
        "zrender": "5.6.1"
      }
    },
    "node_modules/echarts-for-weixin": {
      "version": "1.0.2",
      "resolved": "https://registry.npmjs.org/echarts-for-weixin/-/echarts-for-weixin-1.0.2.tgz",
      "integrity": "sha512-cEk4yFMCJDQpvAgVRKbGvMjXvuW965iEUootJffRFHwJwCq0/GIeoRTTAEuj50PKMMtLTW4DmBPmvPja3sH2jQ==",
      "license": "MIT",
      "peerDependencies": {
        "echarts": "^5.1.2"
      }
    },
    "node_modules/fecha": {
      "version": "4.2.3",
      "resolved": "https://registry.npmjs.org/fecha/-/fecha-4.2.3.tgz",
      "integrity": "sha512-OP2IUU6HeYKJi3i0z4A19kHMQoLVs4Hc+DPqqxI2h/DPZHTm/vjsfC6P0b4jCMy14XizLBqvndQ+UilD7707Jw==",
      "license": "MIT"
    },
    "node_modules/tdesign-miniprogram": {
      "version": "1.9.2",
      "resolved": "https://registry.npmjs.org/tdesign-miniprogram/-/tdesign-miniprogram-1.9.2.tgz",
      "integrity": "sha512-vkVDmK5F7oEuLg3bFO2oTXpF3qWt2LQim9wxxx+XpwPwkSOtnLt1cq8f7rS3M/7EOmvy4d+oNOPWdz/3lbERGg==",
      "license": "MIT"
    },
    "node_modules/tslib": {
      "version": "2.3.0",
      "resolved": "https://registry.npmjs.org/tslib/-/tslib-2.3.0.tgz",
      "integrity": "sha512-N82ooyxVNm6h1riLCoyS9e3fuJ3AMG2zIZs2Gd1ATcSFjSA23Q0fzjjZeh0jbJvWVDZ0cJT8yaNNaaXHzueNjg==",
      "license": "0BSD"
    },
    "node_modules/weui-miniprogram": {
      "version": "1.5.6",
      "resolved": "https://registry.npmjs.org/weui-miniprogram/-/weui-miniprogram-1.5.6.tgz",
      "integrity": "sha512-bGRHUdrQkFf6FzNT5UTapAMRdZQF0UP2uKu9ZR4MkPNwO3cWzlrkW8vBLxdS6k02O3VeNFATj/AsBCjHAsMBzA==",
      "license": "MIT"
    },
    "node_modules/zrender": {
      "version": "5.6.1",
      "resolved": "https://registry.npmjs.org/zrender/-/zrender-5.6.1.tgz",
      "integrity": "sha512-OFXkDJKcrlx5su2XbzJvj/34Q3m6PvyCZkVPHGYpcCJ52ek4U/ymZyfuV1nKE23AyBJ51E/6Yr0mhZ7xGTO4ag==",
      "license": "BSD-3-Clause",
      "dependencies": {
        "tslib": "2.3.0"
      }
    }
  }
}
